
Microsoft Visual Studio Solution File, Format Version 12.00
# Visual Studio Version 17
VisualStudioVersion = 17.4.33213.308
MinimumVisualStudioVersion = 10.0.40219.1
Project("{FAE04EC0-301F-11D3-BF4B-00C04F79EFBC}") = "TennisScoreApp", "TennisScoreApp\TennisScoreApp.csproj", "{9252E92A-165C-48ED-8ECD-F76B2229AF4E}"
EndProject
Global
	GlobalSection(SolutionConfigurationPlatforms) = preSolution
		Debug|Any CPU = Debug|Any CPU
		Release|Any CPU = Release|Any CPU
	EndGlobalSection
	GlobalSection(ProjectConfigurationPlatforms) = postSolution
		{9252E92A-165C-48ED-8ECD-F76B2229AF4E}.Debug|Any CPU.ActiveCfg = Debug|Any CPU
		{9252E92A-165C-48ED-8ECD-F76B2229AF4E}.Debug|Any CPU.Build.0 = Debug|Any CPU
		{9252E92A-165C-48ED-8ECD-F76B2229AF4E}.Release|Any CPU.ActiveCfg = Release|Any CPU
		{9252E92A-165C-48ED-8ECD-F76B2229AF4E}.Release|Any CPU.Build.0 = Release|Any CPU
	EndGlobalSection
	GlobalSection(SolutionProperties) = preSolution
		HideSolutionNode = FALSE
	EndGlobalSection
	GlobalSection(ExtensibilityGlobals) = postSolution
		SolutionGuid = {D2E5040D-9EFB-4A61-8383-9B5F2D6EE578}
	EndGlobalSection
EndGlobal
