
Microsoft Visual Studio Solution File, Format Version 12.00
# Visual Studio Version 17
VisualStudioVersion = 17.4.33213.308
MinimumVisualStudioVersion = 10.0.40219.1
Project("{FAE04EC0-301F-11D3-BF4B-00C04F79EFBC}") = "MySecretFolder", "MySecretFolder\MySecretFolder.csproj", "{D2051228-0056-4DB6-915C-CF8443C58967}"
EndProject
Global
	GlobalSection(SolutionConfigurationPlatforms) = preSolution
		Debug|Any CPU = Debug|Any CPU
		Release|Any CPU = Release|Any CPU
	EndGlobalSection
	GlobalSection(ProjectConfigurationPlatforms) = postSolution
		{D2051228-0056-4DB6-915C-CF8443C58967}.Debug|Any CPU.ActiveCfg = Debug|Any CPU
		{D2051228-0056-4DB6-915C-CF8443C58967}.Debug|Any CPU.Build.0 = Debug|Any CPU
		{D2051228-0056-4DB6-915C-CF8443C58967}.Release|Any CPU.ActiveCfg = Release|Any CPU
		{D2051228-0056-4DB6-915C-CF8443C58967}.Release|Any CPU.Build.0 = Release|Any CPU
	EndGlobalSection
	GlobalSection(SolutionProperties) = preSolution
		HideSolutionNode = FALSE
	EndGlobalSection
	GlobalSection(ExtensibilityGlobals) = postSolution
		SolutionGuid = {86A31014-A1F8-4DAC-BF29-02B8841365B6}
	EndGlobalSection
EndGlobal
