
Microsoft Visual Studio Solution File, Format Version 12.00
# Visual Studio Version 17
VisualStudioVersion = 17.4.33213.308
MinimumVisualStudioVersion = 10.0.40219.1
Project("{FAE04EC0-301F-11D3-BF4B-00C04F79EFBC}") = "BiggestNum", "BiggestNum\BiggestNum.csproj", "{5532F7AE-3855-49A9-A036-0233E15F9AE9}"
EndProject
Project("{FAE04EC0-301F-11D3-BF4B-00C04F79EFBC}") = "average", "..\..\School-Courses\average\average.csproj", "{296A2FE6-F701-42F6-8B35-B3566E69D08F}"
EndProject
Global
	GlobalSection(SolutionConfigurationPlatforms) = preSolution
		Debug|Any CPU = Debug|Any CPU
		Release|Any CPU = Release|Any CPU
	EndGlobalSection
	GlobalSection(ProjectConfigurationPlatforms) = postSolution
		{5532F7AE-3855-49A9-A036-0233E15F9AE9}.Debug|Any CPU.ActiveCfg = Debug|Any CPU
		{5532F7AE-3855-49A9-A036-0233E15F9AE9}.Debug|Any CPU.Build.0 = Debug|Any CPU
		{5532F7AE-3855-49A9-A036-0233E15F9AE9}.Release|Any CPU.ActiveCfg = Release|Any CPU
		{5532F7AE-3855-49A9-A036-0233E15F9AE9}.Release|Any CPU.Build.0 = Release|Any CPU
		{296A2FE6-F701-42F6-8B35-B3566E69D08F}.Debug|Any CPU.ActiveCfg = Debug|Any CPU
		{296A2FE6-F701-42F6-8B35-B3566E69D08F}.Debug|Any CPU.Build.0 = Debug|Any CPU
		{296A2FE6-F701-42F6-8B35-B3566E69D08F}.Release|Any CPU.ActiveCfg = Release|Any CPU
		{296A2FE6-F701-42F6-8B35-B3566E69D08F}.Release|Any CPU.Build.0 = Release|Any CPU
	EndGlobalSection
	GlobalSection(SolutionProperties) = preSolution
		HideSolutionNode = FALSE
	EndGlobalSection
	GlobalSection(ExtensibilityGlobals) = postSolution
		SolutionGuid = {1A69E136-8A6F-4043-B8AD-FD2E10985107}
	EndGlobalSection
EndGlobal
