
Microsoft Visual Studio Solution File, Format Version 12.00
# Visual Studio Version 17
VisualStudioVersion = 17.4.33213.308
MinimumVisualStudioVersion = 10.0.40219.1
Project("{FAE04EC0-301F-11D3-BF4B-00C04F79EFBC}") = "FinalExamSecretMessages", "FinalExamSecretMessages\FinalExamSecretMessages.csproj", "{2372C0D2-1969-4999-A3F2-3A16537DE776}"
EndProject
Global
	GlobalSection(SolutionConfigurationPlatforms) = preSolution
		Debug|Any CPU = Debug|Any CPU
		Release|Any CPU = Release|Any CPU
	EndGlobalSection
	GlobalSection(ProjectConfigurationPlatforms) = postSolution
		{2372C0D2-1969-4999-A3F2-3A16537DE776}.Debug|Any CPU.ActiveCfg = Debug|Any CPU
		{2372C0D2-1969-4999-A3F2-3A16537DE776}.Debug|Any CPU.Build.0 = Debug|Any CPU
		{2372C0D2-1969-4999-A3F2-3A16537DE776}.Release|Any CPU.ActiveCfg = Release|Any CPU
		{2372C0D2-1969-4999-A3F2-3A16537DE776}.Release|Any CPU.Build.0 = Release|Any CPU
	EndGlobalSection
	GlobalSection(SolutionProperties) = preSolution
		HideSolutionNode = FALSE
	EndGlobalSection
	GlobalSection(ExtensibilityGlobals) = postSolution
		SolutionGuid = {680AA9CD-7990-47E4-97F0-E24368C9A3BA}
	EndGlobalSection
EndGlobal
